
Microsoft Visual Studio Solution File, Format Version 12.00
# Visual Studio Version 16
VisualStudioVersion = 16.0.29411.108
MinimumVisualStudioVersion = 10.0.40219.1
Project("{FAE04EC0-301F-11D3-BF4B-00C04F79EFBC}") = "SharpWood", "SharpWood.csproj", "{C5E6DF0D-2E2A-421D-BED0-9A4CB81A7A3C}"
EndProject
Project("{8BC9CEB8-8B4A-11D0-8D11-00A0C91BC942}") = "SharpWoodEventListener", "SharpWoodEventListener\SharpWoodEventListener.vcxproj", "{A54ABD96-E31B-4636-8389-3AFA10110C06}"
EndProject
Project("{FAE04EC0-301F-11D3-BF4B-00C04F79EFBC}") = "SharpWoodTest", "SharpWoodTest\SharpWoodTest.csproj", "{40A8ADFD-F0FB-4755-AF54-BFB99D0DEB44}"
EndProject
Global
	GlobalSection(SolutionConfigurationPlatforms) = preSolution
		Debug|Any CPU = Debug|Any CPU
		Debug|x64 = Debug|x64
		Debug|x86 = Debug|x86
		Release|Any CPU = Release|Any CPU
		Release|x64 = Release|x64
		Release|x86 = Release|x86
	EndGlobalSection
	GlobalSection(ProjectConfigurationPlatforms) = postSolution
		{C5E6DF0D-2E2A-421D-BED0-9A4CB81A7A3C}.Debug|Any CPU.ActiveCfg = Debug|Any CPU
		{C5E6DF0D-2E2A-421D-BED0-9A4CB81A7A3C}.Debug|Any CPU.Build.0 = Debug|Any CPU
		{C5E6DF0D-2E2A-421D-BED0-9A4CB81A7A3C}.Debug|x64.ActiveCfg = Debug|x64
		{C5E6DF0D-2E2A-421D-BED0-9A4CB81A7A3C}.Debug|x64.Build.0 = Debug|x64
		{C5E6DF0D-2E2A-421D-BED0-9A4CB81A7A3C}.Debug|x86.ActiveCfg = Debug|Any CPU
		{C5E6DF0D-2E2A-421D-BED0-9A4CB81A7A3C}.Debug|x86.Build.0 = Debug|Any CPU
		{C5E6DF0D-2E2A-421D-BED0-9A4CB81A7A3C}.Release|Any CPU.ActiveCfg = Release|Any CPU
		{C5E6DF0D-2E2A-421D-BED0-9A4CB81A7A3C}.Release|Any CPU.Build.0 = Release|Any CPU
		{C5E6DF0D-2E2A-421D-BED0-9A4CB81A7A3C}.Release|x64.ActiveCfg = Release|x64
		{C5E6DF0D-2E2A-421D-BED0-9A4CB81A7A3C}.Release|x64.Build.0 = Release|x64
		{C5E6DF0D-2E2A-421D-BED0-9A4CB81A7A3C}.Release|x86.ActiveCfg = Release|Any CPU
		{C5E6DF0D-2E2A-421D-BED0-9A4CB81A7A3C}.Release|x86.Build.0 = Release|Any CPU
		{A54ABD96-E31B-4636-8389-3AFA10110C06}.Debug|Any CPU.ActiveCfg = Debug|Win32
		{A54ABD96-E31B-4636-8389-3AFA10110C06}.Debug|x64.ActiveCfg = Debug|x64
		{A54ABD96-E31B-4636-8389-3AFA10110C06}.Debug|x64.Build.0 = Debug|x64
		{A54ABD96-E31B-4636-8389-3AFA10110C06}.Debug|x86.ActiveCfg = Debug|Win32
		{A54ABD96-E31B-4636-8389-3AFA10110C06}.Debug|x86.Build.0 = Debug|Win32
		{A54ABD96-E31B-4636-8389-3AFA10110C06}.Release|Any CPU.ActiveCfg = Release|Win32
		{A54ABD96-E31B-4636-8389-3AFA10110C06}.Release|x64.ActiveCfg = Release|x64
		{A54ABD96-E31B-4636-8389-3AFA10110C06}.Release|x64.Build.0 = Release|x64
		{A54ABD96-E31B-4636-8389-3AFA10110C06}.Release|x86.ActiveCfg = Release|Win32
		{A54ABD96-E31B-4636-8389-3AFA10110C06}.Release|x86.Build.0 = Release|Win32
		{40A8ADFD-F0FB-4755-AF54-BFB99D0DEB44}.Debug|Any CPU.ActiveCfg = Debug|Any CPU
		{40A8ADFD-F0FB-4755-AF54-BFB99D0DEB44}.Debug|Any CPU.Build.0 = Debug|Any CPU
		{40A8ADFD-F0FB-4755-AF54-BFB99D0DEB44}.Debug|x64.ActiveCfg = Debug|x64
		{40A8ADFD-F0FB-4755-AF54-BFB99D0DEB44}.Debug|x64.Build.0 = Debug|x64
		{40A8ADFD-F0FB-4755-AF54-BFB99D0DEB44}.Debug|x86.ActiveCfg = Debug|Any CPU
		{40A8ADFD-F0FB-4755-AF54-BFB99D0DEB44}.Debug|x86.Build.0 = Debug|Any CPU
		{40A8ADFD-F0FB-4755-AF54-BFB99D0DEB44}.Release|Any CPU.ActiveCfg = Release|Any CPU
		{40A8ADFD-F0FB-4755-AF54-BFB99D0DEB44}.Release|Any CPU.Build.0 = Release|Any CPU
		{40A8ADFD-F0FB-4755-AF54-BFB99D0DEB44}.Release|x64.ActiveCfg = Release|x64
		{40A8ADFD-F0FB-4755-AF54-BFB99D0DEB44}.Release|x64.Build.0 = Release|x64
		{40A8ADFD-F0FB-4755-AF54-BFB99D0DEB44}.Release|x86.ActiveCfg = Release|Any CPU
		{40A8ADFD-F0FB-4755-AF54-BFB99D0DEB44}.Release|x86.Build.0 = Release|Any CPU
	EndGlobalSection
	GlobalSection(SolutionProperties) = preSolution
		HideSolutionNode = FALSE
	EndGlobalSection
	GlobalSection(ExtensibilityGlobals) = postSolution
		SolutionGuid = {613C8F2D-67A3-4B7B-9087-C8C7F96FD8F9}
	EndGlobalSection
EndGlobal
